// !$*UTF8*$!
{
	archiveVersion = 1;
	classes = {
	};
	objectVersion = 77;
	objects = {

/* Begin PBXBuildFile section */
		1D28443D2F045592002635F4 /* SDWebImageSwiftUI in Frameworks */ = {isa = PBXBuildFile; productRef = 1D28443C2F045592002635F4 /* SDWebImageSwiftUI */; };
/* End PBXBuildFile section */

/* Begin PBXContainerItemProxy section */
		1D96EDF42EFF2BAD000F7820 /* PBXContainerItemProxy */ = {
			isa = PBXContainerItemProxy;
			containerPortal = 1D96EDDE2EFF2BAC000F7820 /* Project object */;
			proxyType = 1;
			remoteGlobalIDString = 1D96EDE52EFF2BAC000F7820;
			remoteInfo = MoodJo;
		};
		1D96EDFE2EFF2BAD000F7820 /* PBXContainerItemProxy */ = {
			isa = PBXContainerItemProxy;
			containerPortal = 1D96EDDE2EFF2BAC000F7820 /* Project object */;
			proxyType = 1;
			remoteGlobalIDString = 1D96EDE52EFF2BAC000F7820;
			remoteInfo = MoodJo;
		};
/* End PBXContainerItemProxy section */

/* Begin PBXFileReference section */
		1D96EDE62EFF2BAC000F7820 /* MoodJo.app */ = {isa = PBXFileReference; explicitFileType = wrapper.application; includeInIndex = 0; path = MoodJo.app; sourceTree = BUILT_PRODUCTS_DIR; };
		1D96EDF32EFF2BAD000F7820 /* MoodJoTests.xctest */ = {isa = PBXFileReference; explicitFileType = wrapper.cfbundle; includeInIndex = 0; path = MoodJoTests.xctest; sourceTree = BUILT_PRODUCTS_DIR; };
		1D96EDFD2EFF2BAD000F7820 /* MoodJoUITests.xctest */ = {isa = PBXFileReference; explicitFileType = wrapper.cfbundle; includeInIndex = 0; path = MoodJoUITests.xctest; sourceTree = BUILT_PRODUCTS_DIR; };
/* End PBXFileReference section */

/* Begin PBXFileSystemSynchronizedBuildFileExceptionSet section */
		1D87A12D2F0876930037A354 /* Exceptions for "MoodJo" folder in "MoodJo" target */ = {
			isa = PBXFileSystemSynchronizedBuildFileExceptionSet;
			membershipExceptions = (
				"Extensions/View+EXT.swift",
				Info.plist,
			);
			target = 1D96EDE52EFF2BAC000F7820 /* MoodJo */;
		};
/* End PBXFileSystemSynchronizedBuildFileExceptionSet section */

/* Begin PBXFileSystemSynchronizedGroupBuildPhaseMembershipExceptionSet section */
		1D87A1302F08C48E0037A354 /* Exceptions for "MoodJo" folder in "Copy Bundle Resources" phase from "MoodJo" target */ = {
			isa = PBXFileSystemSynchronizedGroupBuildPhaseMembershipExceptionSet;
			buildPhase = 1D96EDE42EFF2BAC000F7820 /* Resources */;
			membershipExceptions = (
				"Extensions/View+EXT.swift",
			);
		};
/* End PBXFileSystemSynchronizedGroupBuildPhaseMembershipExceptionSet section */

/* Begin PBXFileSystemSynchronizedRootGroup section */
		1D96EDE82EFF2BAC000F7820 /* MoodJo */ = {
			isa = PBXFileSystemSynchronizedRootGroup;
			exceptions = (
				1D87A12D2F0876930037A354 /* Exceptions for "MoodJo" folder in "MoodJo" target */,
				1D87A1302F08C48E0037A354 /* Exceptions for "MoodJo" folder in "Copy Bundle Resources" phase from "MoodJo" target */,
			);
			path = MoodJo;
			sourceTree = "<group>";
		};
		1D96EDF62EFF2BAD000F7820 /* MoodJoTests */ = {
			isa = PBXFileSystemSynchronizedRootGroup;
			path = MoodJoTests;
			sourceTree = "<group>";
		};
		1D96EE002EFF2BAD000F7820 /* MoodJoUITests */ = {
			isa = PBXFileSystemSynchronizedRootGroup;
			path = MoodJoUITests;
			sourceTree = "<group>";
		};
/* End PBXFileSystemSynchronizedRootGroup section */

/* Begin PBXFrameworksBuildPhase section */
		1D96EDE32EFF2BAC000F7820 /* Frameworks */ = {
			isa = PBXFrameworksBuildPhase;
			buildActionMask = 2147483647;
			files = (
				1D28443D2F045592002635F4 /* SDWebImageSwiftUI in Frameworks */,
			);
			runOnlyForDeploymentPostprocessing = 0;
		};
		1D96EDF02EFF2BAD000F7820 /* Frameworks */ = {
			isa = PBXFrameworksBuildPhase;
			buildActionMask = 2147483647;
			files = (
			);
			runOnlyForDeploymentPostprocessing = 0;
		};
		1D96EDFA2EFF2BAD000F7820 /* Frameworks */ = {
			isa = PBXFrameworksBuildPhase;
			buildActionMask = 2147483647;
			files = (
			);
			runOnlyForDeploymentPostprocessing = 0;
		};
/* End PBXFrameworksBuildPhase section */

/* Begin PBXGroup section */
		1D96EDDD2EFF2BAC000F7820 = {
			isa = PBXGroup;
			children = (
				1D96EDE82EFF2BAC000F7820 /* MoodJo */,
				1D96EDF62EFF2BAD000F7820 /* MoodJoTests */,
				1D96EE002EFF2BAD000F7820 /* MoodJoUITests */,
				1D96EDE72EFF2BAC000F7820 /* Products */,
			);
			sourceTree = "<group>";
		};
		1D96EDE72EFF2BAC000F7820 /* Products */ = {
			isa = PBXGroup;
			children = (
				1D96EDE62EFF2BAC000F7820 /* MoodJo.app */,
				1D96EDF32EFF2BAD000F7820 /* MoodJoTests.xctest */,
				1D96EDFD2EFF2BAD000F7820 /* MoodJoUITests.xctest */,
			);
			name = Products;
			sourceTree = "<group>";
		};
/* End PBXGroup section */

/* Begin PBXNativeTarget section */
		1D96EDE52EFF2BAC000F7820 /* MoodJo */ = {
			isa = PBXNativeTarget;
			buildConfigurationList = 1D96EE072EFF2BAD000F7820 /* Build configuration list for PBXNativeTarget "MoodJo" */;
			buildPhases = (
				1D96EDE22EFF2BAC000F7820 /* Sources */,
				1D96EDE32EFF2BAC000F7820 /* Frameworks */,
				1D96EDE42EFF2BAC000F7820 /* Resources */,
			);
			buildRules = (
			);
			dependencies = (
			);
			fileSystemSynchronizedGroups = (
				1D96EDE82EFF2BAC000F7820 /* MoodJo */,
			);
			name = MoodJo;
			packageProductDependencies = (
				1D28443C2F045592002635F4 /* SDWebImageSwiftUI */,
			);
			productName = MoodJo;
			productReference = 1D96EDE62EFF2BAC000F7820 /* MoodJo.app */;
			productType = "com.apple.product-type.application";
		};
		1D96EDF22EFF2BAD000F7820 /* MoodJoTests */ = {
			isa = PBXNativeTarget;
			buildConfigurationList = 1D96EE0A2EFF2BAD000F7820 /* Build configuration list for PBXNativeTarget "MoodJoTests" */;
			buildPhases = (
				1D96EDEF2EFF2BAD000F7820 /* Sources */,
				1D96EDF02EFF2BAD000F7820 /* Frameworks */,
				1D96EDF12EFF2BAD000F7820 /* Resources */,
			);
			buildRules = (
			);
			dependencies = (
				1D96EDF52EFF2BAD000F7820 /* PBXTargetDependency */,
			);
			fileSystemSynchronizedGroups = (
				1D96EDF62EFF2BAD000F7820 /* MoodJoTests */,
			);
			name = MoodJoTests;
			packageProductDependencies = (
			);
			productName = MoodJoTests;
			productReference = 1D96EDF32EFF2BAD000F7820 /* MoodJoTests.xctest */;
			productType = "com.apple.product-type.bundle.unit-test";
		};
		1D96EDFC2EFF2BAD000F7820 /* MoodJoUITests */ = {
			isa = PBXNativeTarget;
			buildConfigurationList = 1D96EE0D2EFF2BAD000F7820 /* Build configuration list for PBXNativeTarget "MoodJoUITests" */;
			buildPhases = (
				1D96EDF92EFF2BAD000F7820 /* Sources */,
				1D96EDFA2EFF2BAD000F7820 /* Frameworks */,
				1D96EDFB2EFF2BAD000F7820 /* Resources */,
			);
			buildRules = (
			);
			dependencies = (
				1D96EDFF2EFF2BAD000F7820 /* PBXTargetDependency */,
			);
			fileSystemSynchronizedGroups = (
				1D96EE002EFF2BAD000F7820 /* MoodJoUITests */,
			);
			name = MoodJoUITests;
			packageProductDependencies = (
			);
			productName = MoodJoUITests;
			productReference = 1D96EDFD2EFF2BAD000F7820 /* MoodJoUITests.xctest */;
			productType = "com.apple.product-type.bundle.ui-testing";
		};
/* End PBXNativeTarget section */

/* Begin PBXProject section */
		1D96EDDE2EFF2BAC000F7820 /* Project object */ = {
			isa = PBXProject;
			attributes = {
				BuildIndependentTargetsInParallel = 1;
				LastSwiftUpdateCheck = 2600;
				LastUpgradeCheck = 2600;
				TargetAttributes = {
					1D96EDE52EFF2BAC000F7820 = {
						CreatedOnToolsVersion = 26.0;
					};
					1D96EDF22EFF2BAD000F7820 = {
						CreatedOnToolsVersion = 26.0;
						TestTargetID = 1D96EDE52EFF2BAC000F7820;
					};
					1D96EDFC2EFF2BAD000F7820 = {
						CreatedOnToolsVersion = 26.0;
						TestTargetID = 1D96EDE52EFF2BAC000F7820;
					};
				};
			};
			buildConfigurationList = 1D96EDE12EFF2BAC000F7820 /* Build configuration list for PBXProject "MoodJo" */;
			developmentRegion = en;
			hasScannedForEncodings = 0;
			knownRegions = (
				en,
				Base,
			);
			mainGroup = 1D96EDDD2EFF2BAC000F7820;
			minimizedProjectReferenceProxies = 1;
			packageReferences = (
				1D28443B2F045592002635F4 /* XCRemoteSwiftPackageReference "SDWebImageSwiftUI" */,
			);
			preferredProjectObjectVersion = 77;
			productRefGroup = 1D96EDE72EFF2BAC000F7820 /* Products */;
			projectDirPath = "";
			projectRoot = "";
			targets = (
				1D96EDE52EFF2BAC000F7820 /* MoodJo */,
				1D96EDF22EFF2BAD000F7820 /* MoodJoTests */,
				1D96EDFC2EFF2BAD000F7820 /* MoodJoUITests */,
			);
		};
/* End PBXProject section */

/* Begin PBXResourcesBuildPhase section */
		1D96EDE42EFF2BAC000F7820 /* Resources */ = {
			isa = PBXResourcesBuildPhase;
			buildActionMask = 2147483647;
			files = (
			);
			runOnlyForDeploymentPostprocessing = 0;
		};
		1D96EDF12EFF2BAD000F7820 /* Resources */ = {
			isa = PBXResourcesBuildPhase;
			buildActionMask = 2147483647;
			files = (
			);
			runOnlyForDeploymentPostprocessing = 0;
		};
		1D96EDFB2EFF2BAD000F7820 /* Resources */ = {
			isa = PBXResourcesBuildPhase;
			buildActionMask = 2147483647;
			files = (
			);
			runOnlyForDeploymentPostprocessing = 0;
		};
/* End PBXResourcesBuildPhase section */

/* Begin PBXSourcesBuildPhase section */
		1D96EDE22EFF2BAC000F7820 /* Sources */ = {
			isa = PBXSourcesBuildPhase;
			buildActionMask = 2147483647;
			files = (
			);
			runOnlyForDeploymentPostprocessing = 0;
		};
		1D96EDEF2EFF2BAD000F7820 /* Sources */ = {
			isa = PBXSourcesBuildPhase;
			buildActionMask = 2147483647;
			files = (
			);
			runOnlyForDeploymentPostprocessing = 0;
		};
		1D96EDF92EFF2BAD000F7820 /* Sources */ = {
			isa = PBXSourcesBuildPhase;
			buildActionMask = 2147483647;
			files = (
			);
			runOnlyForDeploymentPostprocessing = 0;
		};
/* End PBXSourcesBuildPhase section */

/* Begin PBXTargetDependency section */
		1D96EDF52EFF2BAD000F7820 /* PBXTargetDependency */ = {
			isa = PBXTargetDependency;
			target = 1D96EDE52EFF2BAC000F7820 /* MoodJo */;
			targetProxy = 1D96EDF42EFF2BAD000F7820 /* PBXContainerItemProxy */;
		};
		1D96EDFF2EFF2BAD000F7820 /* PBXTargetDependency */ = {
			isa = PBXTargetDependency;
			target = 1D96EDE52EFF2BAC000F7820 /* MoodJo */;
			targetProxy = 1D96EDFE2EFF2BAD000F7820 /* PBXContainerItemProxy */;
		};
/* End PBXTargetDependency section */

/* Begin XCBuildConfiguration section */
		1D96EE052EFF2BAD000F7820 /* Debug */ = {
			isa = XCBuildConfiguration;
			buildSettings = {
				ALWAYS_SEARCH_USER_PATHS = NO;
				ASSETCATALOG_COMPILER_GENERATE_SWIFT_ASSET_SYMBOL_EXTENSIONS = YES;
				CLANG_ANALYZER_NONNULL = YES;
				CLANG_ANALYZER_NUMBER_OBJECT_CONVERSION = YES_AGGRESSIVE;
				CLANG_CXX_LANGUAGE_STANDARD = "gnu++20";
				CLANG_ENABLE_MODULES = YES;
				CLANG_ENABLE_OBJC_ARC = YES;
				CLANG_ENABLE_OBJC_WEAK = YES;
				CLANG_WARN_BLOCK_CAPTURE_AUTORELEASING = YES;
				CLANG_WARN_BOOL_CONVERSION = YES;
				CLANG_WARN_COMMA = YES;
				CLANG_WARN_CONSTANT_CONVERSION = YES;
				CLANG_WARN_DEPRECATED_OBJC_IMPLEMENTATIONS = YES;
				CLANG_WARN_DIRECT_OBJC_ISA_USAGE = YES_ERROR;
				CLANG_WARN_DOCUMENTATION_COMMENTS = YES;
				CLANG_WARN_EMPTY_BODY = YES;
				CLANG_WARN_ENUM_CONVERSION = YES;
				CLANG_WARN_INFINITE_RECURSION = YES;
				CLANG_WARN_INT_CONVERSION = YES;
				CLANG_WARN_NON_LITERAL_NULL_CONVERSION = YES;
				CLANG_WARN_OBJC_IMPLICIT_RETAIN_SELF = YES;
				CLANG_WARN_OBJC_LITERAL_CONVERSION = YES;
				CLANG_WARN_OBJC_ROOT_CLASS = YES_ERROR;
				CLANG_WARN_QUOTED_INCLUDE_IN_FRAMEWORK_HEADER = YES;
				CLANG_WARN_RANGE_LOOP_ANALYSIS = YES;
				CLANG_WARN_STRICT_PROTOTYPES = YES;
				CLANG_WARN_SUSPICIOUS_MOVE = YES;
				CLANG_WARN_UNGUARDED_AVAILABILITY = YES_AGGRESSIVE;
				CLANG_WARN_UNREACHABLE_CODE = YES;
				CLANG_WARN__DUPLICATE_METHOD_MATCH = YES;
				COPY_PHASE_STRIP = NO;
				DEBUG_INFORMATION_FORMAT = dwarf;
				DEVELOPMENT_TEAM = 5N72SMB292;
				ENABLE_STRICT_OBJC_MSGSEND = YES;
				ENABLE_TESTABILITY = YES;
				ENABLE_USER_SCRIPT_SANDBOXING = YES;
				GCC_C_LANGUAGE_STANDARD = gnu17;
				GCC_DYNAMIC_NO_PIC = NO;
				GCC_NO_COMMON_BLOCKS = YES;
				GCC_OPTIMIZATION_LEVEL = 0;
				GCC_PREPROCESSOR_DEFINITIONS = (
					"DEBUG=1",
					"$(inherited)",
				);
				GCC_WARN_64_TO_32_BIT_CONVERSION = YES;
				GCC_WARN_ABOUT_RETURN_TYPE = YES_ERROR;
				GCC_WARN_UNDECLARED_SELECTOR = YES;
				GCC_WARN_UNINITIALIZED_AUTOS = YES_AGGRESSIVE;
				GCC_WARN_UNUSED_FUNCTION = YES;
				GCC_WARN_UNUSED_VARIABLE = YES;
				IPHONEOS_DEPLOYMENT_TARGET = 26.0;
				LOCALIZATION_PREFERS_STRING_CATALOGS = YES;
				MTL_ENABLE_DEBUG_INFO = INCLUDE_SOURCE;
				MTL_FAST_MATH = YES;
				ONLY_ACTIVE_ARCH = YES;
				SDKROOT = iphoneos;
				SWIFT_ACTIVE_COMPILATION_CONDITIONS = "DEBUG $(inherited)";
				SWIFT_OPTIMIZATION_LEVEL = "-Onone";
			};
			name = Debug;
		};
		1D96EE062EFF2BAD000F7820 /* Release */ = {
			isa = XCBuildConfiguration;
			buildSettings = {
				ALWAYS_SEARCH_USER_PATHS = NO;
				ASSETCATALOG_COMPILER_GENERATE_SWIFT_ASSET_SYMBOL_EXTENSIONS = YES;
				CLANG_ANALYZER_NONNULL = YES;
				CLANG_ANALYZER_NUMBER_OBJECT_CONVERSION = YES_AGGRESSIVE;
				CLANG_CXX_LANGUAGE_STANDARD = "gnu++20";
				CLANG_ENABLE_MODULES = YES;
				CLANG_ENABLE_OBJC_ARC = YES;
				CLANG_ENABLE_OBJC_WEAK = YES;
				CLANG_WARN_BLOCK_CAPTURE_AUTORELEASING = YES;
				CLANG_WARN_BOOL_CONVERSION = YES;
				CLANG_WARN_COMMA = YES;
				CLANG_WARN_CONSTANT_CONVERSION = YES;
				CLANG_WARN_DEPRECATED_OBJC_IMPLEMENTATIONS = YES;
				CLANG_WARN_DIRECT_OBJC_ISA_USAGE = YES_ERROR;
				CLANG_WARN_DOCUMENTATION_COMMENTS = YES;
				CLANG_WARN_EMPTY_BODY = YES;
				CLANG_WARN_ENUM_CONVERSION = YES;
				CLANG_WARN_INFINITE_RECURSION = YES;
				CLANG_WARN_INT_CONVERSION = YES;
				CLANG_WARN_NON_LITERAL_NULL_CONVERSION = YES;
				CLANG_WARN_OBJC_IMPLICIT_RETAIN_SELF = YES;
				CLANG_WARN_OBJC_LITERAL_CONVERSION = YES;
				CLANG_WARN_OBJC_ROOT_CLASS = YES_ERROR;
				CLANG_WARN_QUOTED_INCLUDE_IN_FRAMEWORK_HEADER = YES;
				CLANG_WARN_RANGE_LOOP_ANALYSIS = YES;
				CLANG_WARN_STRICT_PROTOTYPES = YES;
				CLANG_WARN_SUSPICIOUS_MOVE = YES;
				CLANG_WARN_UNGUARDED_AVAILABILITY = YES_AGGRESSIVE;
				CLANG_WARN_UNREACHABLE_CODE = YES;
				CLANG_WARN__DUPLICATE_METHOD_MATCH = YES;
				COPY_PHASE_STRIP = NO;
				DEBUG_INFORMATION_FORMAT = "dwarf-with-dsym";
				DEVELOPMENT_TEAM = 5N72SMB292;
				ENABLE_NS_ASSERTIONS = NO;
				ENABLE_STRICT_OBJC_MSGSEND = YES;
				ENABLE_USER_SCRIPT_SANDBOXING = YES;
				GCC_C_LANGUAGE_STANDARD = gnu17;
				GCC_NO_COMMON_BLOCKS = YES;
				GCC_WARN_64_TO_32_BIT_CONVERSION = YES;
				GCC_WARN_ABOUT_RETURN_TYPE = YES_ERROR;
				GCC_WARN_UNDECLARED_SELECTOR = YES;
				GCC_WARN_UNINITIALIZED_AUTOS = YES_AGGRESSIVE;
				GCC_WARN_UNUSED_FUNCTION = YES;
				GCC_WARN_UNUSED_VARIABLE = YES;
				IPHONEOS_DEPLOYMENT_TARGET = 26.0;
				LOCALIZATION_PREFERS_STRING_CATALOGS = YES;
				MTL_ENABLE_DEBUG_INFO = NO;
				MTL_FAST_MATH = YES;
				SDKROOT = iphoneos;
				SWIFT_COMPILATION_MODE = wholemodule;
				VALIDATE_PRODUCT = YES;
			};
			name = Release;
		};
		1D96EE082EFF2BAD000F7820 /* Debug */ = {
			isa = XCBuildConfiguration;
			buildSettings = {
				ASSETCATALOG_COMPILER_APPICON_NAME = AppIcon;
				ASSETCATALOG_COMPILER_GLOBAL_ACCENT_COLOR_NAME = AccentColor;
				CODE_SIGN_STYLE = Automatic;
				CURRENT_PROJECT_VERSION = 1;
				DEVELOPMENT_TEAM = 5N72SMB292;
				ENABLE_PREVIEWS = YES;
				GENERATE_INFOPLIST_FILE = YES;
				INFOPLIST_FILE = MoodJo/Info.plist;
				INFOPLIST_KEY_NSCameraUsageDescription = "\"MoodJo needs access to your camera to take photos for your journal entries\"";
				INFOPLIST_KEY_NSPhotoLibraryAddUsageDescription = "\"MoodJo needs permission to save your photos to your library\"";
				INFOPLIST_KEY_NSPhotoLibraryUsageDescription = "\"MoodJo needs access to your photo library to select photos for your journal entries\"";
				INFOPLIST_KEY_UIApplicationSceneManifest_Generation = YES;
				INFOPLIST_KEY_UIApplicationSupportsIndirectInputEvents = YES;
				INFOPLIST_KEY_UILaunchScreen_Generation = YES;
				INFOPLIST_KEY_UISupportedInterfaceOrientations_iPad = "UIInterfaceOrientationPortrait UIInterfaceOrientationPortraitUpsideDown UIInterfaceOrientationLandscapeLeft UIInterfaceOrientationLandscapeRight";
				INFOPLIST_KEY_UISupportedInterfaceOrientations_iPhone = "UIInterfaceOrientationPortrait UIInterfaceOrientationLandscapeLeft UIInterfaceOrientationLandscapeRight";
				LD_RUNPATH_SEARCH_PATHS = (
					"$(inherited)",
					"@executable_path/Frameworks",
				);
				MARKETING_VERSION = 1.0;
				PRODUCT_BUNDLE_IDENTIFIER = com.edwinsalcedo.MoodJo;
				PRODUCT_NAME = "$(TARGET_NAME)";
				STRING_CATALOG_GENERATE_SYMBOLS = YES;
				SWIFT_APPROACHABLE_CONCURRENCY = YES;
				SWIFT_DEFAULT_ACTOR_ISOLATION = MainActor;
				SWIFT_EMIT_LOC_STRINGS = YES;
				SWIFT_UPCOMING_FEATURE_MEMBER_IMPORT_VISIBILITY = YES;
				SWIFT_VERSION = 5.0;
				TARGETED_DEVICE_FAMILY = "1,2";
			};
			name = Debug;
		};
		1D96EE092EFF2BAD000F7820 /* Release */ = {
			isa = XCBuildConfiguration;
			buildSettings = {
				ASSETCATALOG_COMPILER_APPICON_NAME = AppIcon;
				ASSETCATALOG_COMPILER_GLOBAL_ACCENT_COLOR_NAME = AccentColor;
				CODE_SIGN_STYLE = Automatic;
				CURRENT_PROJECT_VERSION = 1;
				DEVELOPMENT_TEAM = 5N72SMB292;
				ENABLE_PREVIEWS = YES;
				GENERATE_INFOPLIST_FILE = YES;
				INFOPLIST_FILE = MoodJo/Info.plist;
				INFOPLIST_KEY_NSCameraUsageDescription = "\"MoodJo needs access to your camera to take photos for your journal entries\"";
				INFOPLIST_KEY_NSPhotoLibraryAddUsageDescription = "\"MoodJo needs permission to save your photos to your library\"";
				INFOPLIST_KEY_NSPhotoLibraryUsageDescription = "\"MoodJo needs access to your photo library to select photos for your journal entries\"";
				INFOPLIST_KEY_UIApplicationSceneManifest_Generation = YES;
				INFOPLIST_KEY_UIApplicationSupportsIndirectInputEvents = YES;
				INFOPLIST_KEY_UILaunchScreen_Generation = YES;
				INFOPLIST_KEY_UISupportedInterfaceOrientations_iPad = "UIInterfaceOrientationPortrait UIInterfaceOrientationPortraitUpsideDown UIInterfaceOrientationLandscapeLeft UIInterfaceOrientationLandscapeRight";
				INFOPLIST_KEY_UISupportedInterfaceOrientations_iPhone = "UIInterfaceOrientationPortrait UIInterfaceOrientationLandscapeLeft UIInterfaceOrientationLandscapeRight";
				LD_RUNPATH_SEARCH_PATHS = (
					"$(inherited)",
					"@executable_path/Frameworks",
				);
				MARKETING_VERSION = 1.0;
				PRODUCT_BUNDLE_IDENTIFIER = com.edwinsalcedo.MoodJo;
				PRODUCT_NAME = "$(TARGET_NAME)";
				STRING_CATALOG_GENERATE_SYMBOLS = YES;
				SWIFT_APPROACHABLE_CONCURRENCY = YES;
				SWIFT_DEFAULT_ACTOR_ISOLATION = MainActor;
				SWIFT_EMIT_LOC_STRINGS = YES;
				SWIFT_UPCOMING_FEATURE_MEMBER_IMPORT_VISIBILITY = YES;
				SWIFT_VERSION = 5.0;
				TARGETED_DEVICE_FAMILY = "1,2";
			};
			name = Release;
		};
		1D96EE0B2EFF2BAD000F7820 /* Debug */ = {
			isa = XCBuildConfiguration;
			buildSettings = {
				BUNDLE_LOADER = "$(TEST_HOST)";
				CODE_SIGN_STYLE = Automatic;
				CURRENT_PROJECT_VERSION = 1;
				DEVELOPMENT_TEAM = 5N72SMB292;
				GENERATE_INFOPLIST_FILE = YES;
				IPHONEOS_DEPLOYMENT_TARGET = 26.0;
				MARKETING_VERSION = 1.0;
				PRODUCT_BUNDLE_IDENTIFIER = com.edwinsalcedo.MoodJoTests;
				PRODUCT_NAME = "$(TARGET_NAME)";
				STRING_CATALOG_GENERATE_SYMBOLS = NO;
				SWIFT_APPROACHABLE_CONCURRENCY = YES;
				SWIFT_EMIT_LOC_STRINGS = NO;
				SWIFT_UPCOMING_FEATURE_MEMBER_IMPORT_VISIBILITY = YES;
				SWIFT_VERSION = 5.0;
				TARGETED_DEVICE_FAMILY = "1,2";
				TEST_HOST = "$(BUILT_PRODUCTS_DIR)/MoodJo.app/$(BUNDLE_EXECUTABLE_FOLDER_PATH)/MoodJo";
			};
			name = Debug;
		};
		1D96EE0C2EFF2BAD000F7820 /* Release */ = {
			isa = XCBuildConfiguration;
			buildSettings = {
				BUNDLE_LOADER = "$(TEST_HOST)";
				CODE_SIGN_STYLE = Automatic;
				CURRENT_PROJECT_VERSION = 1;
				DEVELOPMENT_TEAM = 5N72SMB292;
				GENERATE_INFOPLIST_FILE = YES;
				IPHONEOS_DEPLOYMENT_TARGET = 26.0;
				MARKETING_VERSION = 1.0;
				PRODUCT_BUNDLE_IDENTIFIER = com.edwinsalcedo.MoodJoTests;
				PRODUCT_NAME = "$(TARGET_NAME)";
				STRING_CATALOG_GENERATE_SYMBOLS = NO;
				SWIFT_APPROACHABLE_CONCURRENCY = YES;
				SWIFT_EMIT_LOC_STRINGS = NO;
				SWIFT_UPCOMING_FEATURE_MEMBER_IMPORT_VISIBILITY = YES;
				SWIFT_VERSION = 5.0;
				TARGETED_DEVICE_FAMILY = "1,2";
				TEST_HOST = "$(BUILT_PRODUCTS_DIR)/MoodJo.app/$(BUNDLE_EXECUTABLE_FOLDER_PATH)/MoodJo";
			};
			name = Release;
		};
		1D96EE0E2EFF2BAD000F7820 /* Debug */ = {
			isa = XCBuildConfiguration;
			buildSettings = {
				CODE_SIGN_STYLE = Automatic;
				CURRENT_PROJECT_VERSION = 1;
				DEVELOPMENT_TEAM = 5N72SMB292;
				GENERATE_INFOPLIST_FILE = YES;
				MARKETING_VERSION = 1.0;
				PRODUCT_BUNDLE_IDENTIFIER = com.edwinsalcedo.MoodJoUITests;
				PRODUCT_NAME = "$(TARGET_NAME)";
				STRING_CATALOG_GENERATE_SYMBOLS = NO;
				SWIFT_APPROACHABLE_CONCURRENCY = YES;
				SWIFT_EMIT_LOC_STRINGS = NO;
				SWIFT_UPCOMING_FEATURE_MEMBER_IMPORT_VISIBILITY = YES;
				SWIFT_VERSION = 5.0;
				TARGETED_DEVICE_FAMILY = "1,2";
				TEST_TARGET_NAME = MoodJo;
			};
			name = Debug;
		};
		1D96EE0F2EFF2BAD000F7820 /* Release */ = {
			isa = XCBuildConfiguration;
			buildSettings = {
				CODE_SIGN_STYLE = Automatic;
				CURRENT_PROJECT_VERSION = 1;
				DEVELOPMENT_TEAM = 5N72SMB292;
				GENERATE_INFOPLIST_FILE = YES;
				MARKETING_VERSION = 1.0;
				PRODUCT_BUNDLE_IDENTIFIER = com.edwinsalcedo.MoodJoUITests;
				PRODUCT_NAME = "$(TARGET_NAME)";
				STRING_CATALOG_GENERATE_SYMBOLS = NO;
				SWIFT_APPROACHABLE_CONCURRENCY = YES;
				SWIFT_EMIT_LOC_STRINGS = NO;
				SWIFT_UPCOMING_FEATURE_MEMBER_IMPORT_VISIBILITY = YES;
				SWIFT_VERSION = 5.0;
				TARGETED_DEVICE_FAMILY = "1,2";
				TEST_TARGET_NAME = MoodJo;
			};
			name = Release;
		};
/* End XCBuildConfiguration section */

/* Begin XCConfigurationList section */
		1D96EDE12EFF2BAC000F7820 /* Build configuration list for PBXProject "MoodJo" */ = {
			isa = XCConfigurationList;
			buildConfigurations = (
				1D96EE052EFF2BAD000F7820 /* Debug */,
				1D96EE062EFF2BAD000F7820 /* Release */,
			);
			defaultConfigurationIsVisible = 0;
			defaultConfigurationName = Release;
		};
		1D96EE072EFF2BAD000F7820 /* Build configuration list for PBXNativeTarget "MoodJo" */ = {
			isa = XCConfigurationList;
			buildConfigurations = (
				1D96EE082EFF2BAD000F7820 /* Debug */,
				1D96EE092EFF2BAD000F7820 /* Release */,
			);
			defaultConfigurationIsVisible = 0;
			defaultConfigurationName = Release;
		};
		1D96EE0A2EFF2BAD000F7820 /* Build configuration list for PBXNativeTarget "MoodJoTests" */ = {
			isa = XCConfigurationList;
			buildConfigurations = (
				1D96EE0B2EFF2BAD000F7820 /* Debug */,
				1D96EE0C2EFF2BAD000F7820 /* Release */,
			);
			defaultConfigurationIsVisible = 0;
			defaultConfigurationName = Release;
		};
		1D96EE0D2EFF2BAD000F7820 /* Build configuration list for PBXNativeTarget "MoodJoUITests" */ = {
			isa = XCConfigurationList;
			buildConfigurations = (
				1D96EE0E2EFF2BAD000F7820 /* Debug */,
				1D96EE0F2EFF2BAD000F7820 /* Release */,
			);
			defaultConfigurationIsVisible = 0;
			defaultConfigurationName = Release;
		};
/* End XCConfigurationList section */

/* Begin XCRemoteSwiftPackageReference section */
		1D28443B2F045592002635F4 /* XCRemoteSwiftPackageReference "SDWebImageSwiftUI" */ = {
			isa = XCRemoteSwiftPackageReference;
			repositoryURL = "https://github.com/SDWebImage/SDWebImageSwiftUI.git";
			requirement = {
				kind = upToNextMajorVersion;
				minimumVersion = 3.1.4;
			};
		};
/* End XCRemoteSwiftPackageReference section */

/* Begin XCSwiftPackageProductDependency section */
		1D28443C2F045592002635F4 /* SDWebImageSwiftUI */ = {
			isa = XCSwiftPackageProductDependency;
			package = 1D28443B2F045592002635F4 /* XCRemoteSwiftPackageReference "SDWebImageSwiftUI" */;
			productName = SDWebImageSwiftUI;
		};
/* End XCSwiftPackageProductDependency section */
	};
	rootObject = 1D96EDDE2EFF2BAC000F7820 /* Project object */;
}
